
Microsoft Visual Studio Solution File, Format Version 11.00
# Visual C# Express 2010
Project("{FAE04EC0-301F-11D3-BF4B-00C04F79EFBC}") = "GeometryWar", "GeometryWar\GeometryWar\GeometryWar.csproj", "{7633EE71-B6D0-453F-A7C7-4FEE0F7EB782}"
EndProject
Project("{96E2B04D-8817-42C6-938A-82C39BA4D311}") = "GeometryWarContent", "GeometryWar\GeometryWarContent\GeometryWarContent.contentproj", "{88FE338F-CE49-445F-BFBF-B0741130AB47}"
EndProject
Global
	GlobalSection(SolutionConfigurationPlatforms) = preSolution
		Debug|x86 = Debug|x86
		Release|x86 = Release|x86
	EndGlobalSection
	GlobalSection(ProjectConfigurationPlatforms) = postSolution
		{7633EE71-B6D0-453F-A7C7-4FEE0F7EB782}.Debug|x86.ActiveCfg = Debug|x86
		{7633EE71-B6D0-453F-A7C7-4FEE0F7EB782}.Debug|x86.Build.0 = Debug|x86
		{7633EE71-B6D0-453F-A7C7-4FEE0F7EB782}.Release|x86.ActiveCfg = Release|x86
		{7633EE71-B6D0-453F-A7C7-4FEE0F7EB782}.Release|x86.Build.0 = Release|x86
		{88FE338F-CE49-445F-BFBF-B0741130AB47}.Debug|x86.ActiveCfg = Debug|x86
		{88FE338F-CE49-445F-BFBF-B0741130AB47}.Release|x86.ActiveCfg = Release|x86
	EndGlobalSection
	GlobalSection(SolutionProperties) = preSolution
		HideSolutionNode = FALSE
	EndGlobalSection
EndGlobal
